Package: abind
Version: 1.4-5

Package: assertthat
Version: 0.2.0

Package: base64enc
Version: 0.1-3

Package: BH
Version: 1.66.0-1

Package: cli
Version: 1.0.0

Package: config
Version: 0.3

Package: crayon
Version: 1.3.4

Package: digest
Version: 0.6.16

Package: fansi
Version: 0.3.0

Package: glue
Version: 1.3.0

Package: htmltools
Version: 0.3.6

Package: httpuv
Version: 1.4.5

Package: jsonlite
Version: 1.5

Package: keras
Version: 2.2.0

Package: later
Version: 0.7.4

Package: lattice
Version: 0.20-35

Package: logging
Version: 0.7-103

Package: magrittr
Version: 1.5

Package: Matrix
Version: 1.2-14

Package: mime
Version: 0.5

Package: pillar
Version: 1.3.0

Package: processx
Version: 3.2.0

Package: promises
Version: 1.0.1

Package: ps
Version: 1.1.0

Package: purrr
Version: 0.2.5

Package: R6
Version: 2.2.2

Package: Rcpp
Version: 0.12.18

Package: reticulate
Version: 1.10

Package: rlang
Version: 0.2.2

Package: rstudioapi
Version: 0.7

Package: shiny
Version: 1.1.0

Package: sourcetools
Version: 0.1.7

Package: tensorflow
Version: 1.9

Package: tfruns
Version: 1.4

Package: tibble
Version: 1.4.2

Package: tidyselect
Version: 0.2.4

Package: utf8
Version: 1.1.4

Package: whisker
Version: 0.3-2

Package: xtable
Version: 1.8-3

Package: yaml
Version: 2.2.0

Package: zeallot
Version: 0.1.0
